
Microsoft Visual Studio Solution File, Format Version 12.00
# Visual Studio 14
VisualStudioVersion = 14.0.24720.0
MinimumVisualStudioVersion = 10.0.40219.1
Project("{2150E333-8FDC-42A3-9474-1A3956D46DE8}") = "DAL", "DAL", "{9214405F-47E2-4507-B97A-3AB7D2AC76C6}"
EndProject
Project("{2150E333-8FDC-42A3-9474-1A3956D46DE8}") = "BLL", "BLL", "{BED2B23E-D717-49BA-8209-9F56EFAAE057}"
EndProject
Project("{2150E333-8FDC-42A3-9474-1A3956D46DE8}") = "Tests", "Tests", "{F33B9F74-DC03-4D4A-9026-FB29610A7783}"
EndProject
Project("{FAE04EC0-301F-11D3-BF4B-00C04F79EFBC}") = "CGPTruck.UWP", "CGPTruck.UWP\CGPTruck.UWP.csproj", "{539DA33F-6F38-4980-BFE2-7A79A2DAD4C9}"
	ProjectSection(ProjectDependencies) = postProject
		{16E14102-7F3D-4C03-A986-F7851E347416} = {16E14102-7F3D-4C03-A986-F7851E347416}
	EndProjectSection
EndProject
Project("{FAE04EC0-301F-11D3-BF4B-00C04F79EFBC}") = "CGPTruck.WCF", "CGPTruck.WCF\CGPTruck.WCF.csproj", "{E68AFEE8-B085-4012-A61B-AAF32E02D799}"
EndProject
Project("{FAE04EC0-301F-11D3-BF4B-00C04F79EFBC}") = "CGPTruck.DAL.Configuration", "CGPTruck.DAL.Configuration\CGPTruck.DAL.Configuration.csproj", "{FF33E4EB-EC28-43FA-A47C-63DF0BC015AA}"
EndProject
Project("{FAE04EC0-301F-11D3-BF4B-00C04F79EFBC}") = "CGPTruck.DAL", "CGPTruck.DAL\CGPTruck.DAL.csproj", "{BE9EFEB6-5AC2-489B-B870-9088DB330693}"
EndProject
Project("{FAE04EC0-301F-11D3-BF4B-00C04F79EFBC}") = "CGPTruck.BLL", "CGPTruck.BLL\CGPTruck.BLL.csproj", "{9A88EAF0-EF67-4A0F-9E45-04F4FCDD8212}"
EndProject
Project("{FAE04EC0-301F-11D3-BF4B-00C04F79EFBC}") = "CGPTruck.Entities", "CGPTruck.Entities\CGPTruck.Entities.csproj", "{1023F748-59A1-4D7E-9215-857530F5C421}"
EndProject
Project("{FAE04EC0-301F-11D3-BF4B-00C04F79EFBC}") = "CGPTruck.DAL.Entities", "CGPTruck.DAL.Entities\CGPTruck.DAL.Entities.csproj", "{06442589-2D81-4950-ACD6-32D16D6EF107}"
EndProject
Project("{FAE04EC0-301F-11D3-BF4B-00C04F79EFBC}") = "CGPTruck.DAL.Tests", "CGPTruck.DAL.Tests\CGPTruck.DAL.Tests.csproj", "{70FB3A90-CC05-41DB-95F7-9C4D1A0A843C}"
EndProject
Project("{FAE04EC0-301F-11D3-BF4B-00C04F79EFBC}") = "CGPTruck.WebAPI", "CGPTruck.WebAPI\CGPTruck.WebAPI.csproj", "{16E14102-7F3D-4C03-A986-F7851E347416}"
EndProject
Project("{9092AA53-FB77-4645-B42D-1CCCA6BD08BD}") = "CGPTruck.Web", "CGPTruck.Web\CGPTruck.Web.njsproj", "{FB9AD01C-AB15-4515-B77A-066A840FD5A0}"
EndProject
Global
	GlobalSection(SolutionConfigurationPlatforms) = preSolution
		Debug|Any CPU = Debug|Any CPU
		Debug|ARM = Debug|ARM
		Debug|x64 = Debug|x64
		Debug|x86 = Debug|x86
		Release|Any CPU = Release|Any CPU
		Release|ARM = Release|ARM
		Release|x64 = Release|x64
		Release|x86 = Release|x86
	EndGlobalSection
	GlobalSection(ProjectConfigurationPlatforms) = postSolution
		{539DA33F-6F38-4980-BFE2-7A79A2DAD4C9}.Debug|Any CPU.ActiveCfg = Debug|x86
		{539DA33F-6F38-4980-BFE2-7A79A2DAD4C9}.Debug|ARM.ActiveCfg = Debug|ARM
		{539DA33F-6F38-4980-BFE2-7A79A2DAD4C9}.Debug|ARM.Build.0 = Debug|ARM
		{539DA33F-6F38-4980-BFE2-7A79A2DAD4C9}.Debug|ARM.Deploy.0 = Debug|ARM
		{539DA33F-6F38-4980-BFE2-7A79A2DAD4C9}.Debug|x64.ActiveCfg = Debug|x64
		{539DA33F-6F38-4980-BFE2-7A79A2DAD4C9}.Debug|x64.Build.0 = Debug|x64
		{539DA33F-6F38-4980-BFE2-7A79A2DAD4C9}.Debug|x64.Deploy.0 = Debug|x64
		{539DA33F-6F38-4980-BFE2-7A79A2DAD4C9}.Debug|x86.ActiveCfg = Debug|x86
		{539DA33F-6F38-4980-BFE2-7A79A2DAD4C9}.Debug|x86.Build.0 = Debug|x86
		{539DA33F-6F38-4980-BFE2-7A79A2DAD4C9}.Debug|x86.Deploy.0 = Debug|x86
		{539DA33F-6F38-4980-BFE2-7A79A2DAD4C9}.Release|Any CPU.ActiveCfg = Release|x86
		{539DA33F-6F38-4980-BFE2-7A79A2DAD4C9}.Release|ARM.ActiveCfg = Release|ARM
		{539DA33F-6F38-4980-BFE2-7A79A2DAD4C9}.Release|ARM.Build.0 = Release|ARM
		{539DA33F-6F38-4980-BFE2-7A79A2DAD4C9}.Release|ARM.Deploy.0 = Release|ARM
		{539DA33F-6F38-4980-BFE2-7A79A2DAD4C9}.Release|x64.ActiveCfg = Release|x64
		{539DA33F-6F38-4980-BFE2-7A79A2DAD4C9}.Release|x64.Build.0 = Release|x64
		{539DA33F-6F38-4980-BFE2-7A79A2DAD4C9}.Release|x64.Deploy.0 = Release|x64
		{539DA33F-6F38-4980-BFE2-7A79A2DAD4C9}.Release|x86.ActiveCfg = Release|x86
		{539DA33F-6F38-4980-BFE2-7A79A2DAD4C9}.Release|x86.Build.0 = Release|x86
		{539DA33F-6F38-4980-BFE2-7A79A2DAD4C9}.Release|x86.Deploy.0 = Release|x86
		{E68AFEE8-B085-4012-A61B-AAF32E02D799}.Debug|Any CPU.ActiveCfg = Debug|Any CPU
		{E68AFEE8-B085-4012-A61B-AAF32E02D799}.Debug|Any CPU.Build.0 = Debug|Any CPU
		{E68AFEE8-B085-4012-A61B-AAF32E02D799}.Debug|ARM.ActiveCfg = Debug|Any CPU
		{E68AFEE8-B085-4012-A61B-AAF32E02D799}.Debug|ARM.Build.0 = Debug|Any CPU
		{E68AFEE8-B085-4012-A61B-AAF32E02D799}.Debug|x64.ActiveCfg = Debug|Any CPU
		{E68AFEE8-B085-4012-A61B-AAF32E02D799}.Debug|x64.Build.0 = Debug|Any CPU
		{E68AFEE8-B085-4012-A61B-AAF32E02D799}.Debug|x86.ActiveCfg = Debug|Any CPU
		{E68AFEE8-B085-4012-A61B-AAF32E02D799}.Debug|x86.Build.0 = Debug|Any CPU
		{E68AFEE8-B085-4012-A61B-AAF32E02D799}.Release|Any CPU.ActiveCfg = Release|Any CPU
		{E68AFEE8-B085-4012-A61B-AAF32E02D799}.Release|Any CPU.Build.0 = Release|Any CPU
		{E68AFEE8-B085-4012-A61B-AAF32E02D799}.Release|ARM.ActiveCfg = Release|Any CPU
		{E68AFEE8-B085-4012-A61B-AAF32E02D799}.Release|ARM.Build.0 = Release|Any CPU
		{E68AFEE8-B085-4012-A61B-AAF32E02D799}.Release|x64.ActiveCfg = Release|Any CPU
		{E68AFEE8-B085-4012-A61B-AAF32E02D799}.Release|x64.Build.0 = Release|Any CPU
		{E68AFEE8-B085-4012-A61B-AAF32E02D799}.Release|x86.ActiveCfg = Release|Any CPU
		{E68AFEE8-B085-4012-A61B-AAF32E02D799}.Release|x86.Build.0 = Release|Any CPU
		{FF33E4EB-EC28-43FA-A47C-63DF0BC015AA}.Debug|Any CPU.ActiveCfg = Debug|Any CPU
		{FF33E4EB-EC28-43FA-A47C-63DF0BC015AA}.Debug|Any CPU.Build.0 = Debug|Any CPU
		{FF33E4EB-EC28-43FA-A47C-63DF0BC015AA}.Debug|ARM.ActiveCfg = Debug|Any CPU
		{FF33E4EB-EC28-43FA-A47C-63DF0BC015AA}.Debug|ARM.Build.0 = Debug|Any CPU
		{FF33E4EB-EC28-43FA-A47C-63DF0BC015AA}.Debug|x64.ActiveCfg = Debug|Any CPU
		{FF33E4EB-EC28-43FA-A47C-63DF0BC015AA}.Debug|x64.Build.0 = Debug|Any CPU
		{FF33E4EB-EC28-43FA-A47C-63DF0BC015AA}.Debug|x86.ActiveCfg = Debug|Any CPU
		{FF33E4EB-EC28-43FA-A47C-63DF0BC015AA}.Debug|x86.Build.0 = Debug|Any CPU
		{FF33E4EB-EC28-43FA-A47C-63DF0BC015AA}.Release|Any CPU.ActiveCfg = Release|Any CPU
		{FF33E4EB-EC28-43FA-A47C-63DF0BC015AA}.Release|Any CPU.Build.0 = Release|Any CPU
		{FF33E4EB-EC28-43FA-A47C-63DF0BC015AA}.Release|ARM.ActiveCfg = Release|Any CPU
		{FF33E4EB-EC28-43FA-A47C-63DF0BC015AA}.Release|ARM.Build.0 = Release|Any CPU
		{FF33E4EB-EC28-43FA-A47C-63DF0BC015AA}.Release|x64.ActiveCfg = Release|Any CPU
		{FF33E4EB-EC28-43FA-A47C-63DF0BC015AA}.Release|x64.Build.0 = Release|Any CPU
		{FF33E4EB-EC28-43FA-A47C-63DF0BC015AA}.Release|x86.ActiveCfg = Release|Any CPU
		{FF33E4EB-EC28-43FA-A47C-63DF0BC015AA}.Release|x86.Build.0 = Release|Any CPU
		{BE9EFEB6-5AC2-489B-B870-9088DB330693}.Debug|Any CPU.ActiveCfg = Debug|Any CPU
		{BE9EFEB6-5AC2-489B-B870-9088DB330693}.Debug|Any CPU.Build.0 = Debug|Any CPU
		{BE9EFEB6-5AC2-489B-B870-9088DB330693}.Debug|ARM.ActiveCfg = Debug|Any CPU
		{BE9EFEB6-5AC2-489B-B870-9088DB330693}.Debug|ARM.Build.0 = Debug|Any CPU
		{BE9EFEB6-5AC2-489B-B870-9088DB330693}.Debug|x64.ActiveCfg = Debug|Any CPU
		{BE9EFEB6-5AC2-489B-B870-9088DB330693}.Debug|x64.Build.0 = Debug|Any CPU
		{BE9EFEB6-5AC2-489B-B870-9088DB330693}.Debug|x86.ActiveCfg = Debug|Any CPU
		{BE9EFEB6-5AC2-489B-B870-9088DB330693}.Debug|x86.Build.0 = Debug|Any CPU
		{BE9EFEB6-5AC2-489B-B870-9088DB330693}.Release|Any CPU.ActiveCfg = Release|Any CPU
		{BE9EFEB6-5AC2-489B-B870-9088DB330693}.Release|Any CPU.Build.0 = Release|Any CPU
		{BE9EFEB6-5AC2-489B-B870-9088DB330693}.Release|ARM.ActiveCfg = Release|Any CPU
		{BE9EFEB6-5AC2-489B-B870-9088DB330693}.Release|ARM.Build.0 = Release|Any CPU
		{BE9EFEB6-5AC2-489B-B870-9088DB330693}.Release|x64.ActiveCfg = Release|Any CPU
		{BE9EFEB6-5AC2-489B-B870-9088DB330693}.Release|x64.Build.0 = Release|Any CPU
		{BE9EFEB6-5AC2-489B-B870-9088DB330693}.Release|x86.ActiveCfg = Release|Any CPU
		{BE9EFEB6-5AC2-489B-B870-9088DB330693}.Release|x86.Build.0 = Release|Any CPU
		{9A88EAF0-EF67-4A0F-9E45-04F4FCDD8212}.Debug|Any CPU.ActiveCfg = Debug|Any CPU
		{9A88EAF0-EF67-4A0F-9E45-04F4FCDD8212}.Debug|Any CPU.Build.0 = Debug|Any CPU
		{9A88EAF0-EF67-4A0F-9E45-04F4FCDD8212}.Debug|ARM.ActiveCfg = Debug|Any CPU
		{9A88EAF0-EF67-4A0F-9E45-04F4FCDD8212}.Debug|ARM.Build.0 = Debug|Any CPU
		{9A88EAF0-EF67-4A0F-9E45-04F4FCDD8212}.Debug|x64.ActiveCfg = Debug|Any CPU
		{9A88EAF0-EF67-4A0F-9E45-04F4FCDD8212}.Debug|x64.Build.0 = Debug|Any CPU
		{9A88EAF0-EF67-4A0F-9E45-04F4FCDD8212}.Debug|x86.ActiveCfg = Debug|Any CPU
		{9A88EAF0-EF67-4A0F-9E45-04F4FCDD8212}.Debug|x86.Build.0 = Debug|Any CPU
		{9A88EAF0-EF67-4A0F-9E45-04F4FCDD8212}.Release|Any CPU.ActiveCfg = Release|Any CPU
		{9A88EAF0-EF67-4A0F-9E45-04F4FCDD8212}.Release|Any CPU.Build.0 = Release|Any CPU
		{9A88EAF0-EF67-4A0F-9E45-04F4FCDD8212}.Release|ARM.ActiveCfg = Release|Any CPU
		{9A88EAF0-EF67-4A0F-9E45-04F4FCDD8212}.Release|ARM.Build.0 = Release|Any CPU
		{9A88EAF0-EF67-4A0F-9E45-04F4FCDD8212}.Release|x64.ActiveCfg = Release|Any CPU
		{9A88EAF0-EF67-4A0F-9E45-04F4FCDD8212}.Release|x64.Build.0 = Release|Any CPU
		{9A88EAF0-EF67-4A0F-9E45-04F4FCDD8212}.Release|x86.ActiveCfg = Release|Any CPU
		{9A88EAF0-EF67-4A0F-9E45-04F4FCDD8212}.Release|x86.Build.0 = Release|Any CPU
		{1023F748-59A1-4D7E-9215-857530F5C421}.Debug|Any CPU.ActiveCfg = Debug|Any CPU
		{1023F748-59A1-4D7E-9215-857530F5C421}.Debug|Any CPU.Build.0 = Debug|Any CPU
		{1023F748-59A1-4D7E-9215-857530F5C421}.Debug|ARM.ActiveCfg = Debug|Any CPU
		{1023F748-59A1-4D7E-9215-857530F5C421}.Debug|ARM.Build.0 = Debug|Any CPU
		{1023F748-59A1-4D7E-9215-857530F5C421}.Debug|x64.ActiveCfg = Debug|Any CPU
		{1023F748-59A1-4D7E-9215-857530F5C421}.Debug|x64.Build.0 = Debug|Any CPU
		{1023F748-59A1-4D7E-9215-857530F5C421}.Debug|x86.ActiveCfg = Debug|Any CPU
		{1023F748-59A1-4D7E-9215-857530F5C421}.Debug|x86.Build.0 = Debug|Any CPU
		{1023F748-59A1-4D7E-9215-857530F5C421}.Release|Any CPU.ActiveCfg = Release|Any CPU
		{1023F748-59A1-4D7E-9215-857530F5C421}.Release|Any CPU.Build.0 = Release|Any CPU
		{1023F748-59A1-4D7E-9215-857530F5C421}.Release|ARM.ActiveCfg = Release|Any CPU
		{1023F748-59A1-4D7E-9215-857530F5C421}.Release|ARM.Build.0 = Release|Any CPU
		{1023F748-59A1-4D7E-9215-857530F5C421}.Release|x64.ActiveCfg = Release|Any CPU
		{1023F748-59A1-4D7E-9215-857530F5C421}.Release|x64.Build.0 = Release|Any CPU
		{1023F748-59A1-4D7E-9215-857530F5C421}.Release|x86.ActiveCfg = Release|Any CPU
		{1023F748-59A1-4D7E-9215-857530F5C421}.Release|x86.Build.0 = Release|Any CPU
		{06442589-2D81-4950-ACD6-32D16D6EF107}.Debug|Any CPU.ActiveCfg = Debug|Any CPU
		{06442589-2D81-4950-ACD6-32D16D6EF107}.Debug|Any CPU.Build.0 = Debug|Any CPU
		{06442589-2D81-4950-ACD6-32D16D6EF107}.Debug|ARM.ActiveCfg = Debug|Any CPU
		{06442589-2D81-4950-ACD6-32D16D6EF107}.Debug|ARM.Build.0 = Debug|Any CPU
		{06442589-2D81-4950-ACD6-32D16D6EF107}.Debug|x64.ActiveCfg = Debug|Any CPU
		{06442589-2D81-4950-ACD6-32D16D6EF107}.Debug|x64.Build.0 = Debug|Any CPU
		{06442589-2D81-4950-ACD6-32D16D6EF107}.Debug|x86.ActiveCfg = Debug|Any CPU
		{06442589-2D81-4950-ACD6-32D16D6EF107}.Debug|x86.Build.0 = Debug|Any CPU
		{06442589-2D81-4950-ACD6-32D16D6EF107}.Release|Any CPU.ActiveCfg = Release|Any CPU
		{06442589-2D81-4950-ACD6-32D16D6EF107}.Release|Any CPU.Build.0 = Release|Any CPU
		{06442589-2D81-4950-ACD6-32D16D6EF107}.Release|ARM.ActiveCfg = Release|Any CPU
		{06442589-2D81-4950-ACD6-32D16D6EF107}.Release|ARM.Build.0 = Release|Any CPU
		{06442589-2D81-4950-ACD6-32D16D6EF107}.Release|x64.ActiveCfg = Release|Any CPU
		{06442589-2D81-4950-ACD6-32D16D6EF107}.Release|x64.Build.0 = Release|Any CPU
		{06442589-2D81-4950-ACD6-32D16D6EF107}.Release|x86.ActiveCfg = Release|Any CPU
		{06442589-2D81-4950-ACD6-32D16D6EF107}.Release|x86.Build.0 = Release|Any CPU
		{70FB3A90-CC05-41DB-95F7-9C4D1A0A843C}.Debug|Any CPU.ActiveCfg = Debug|Any CPU
		{70FB3A90-CC05-41DB-95F7-9C4D1A0A843C}.Debug|Any CPU.Build.0 = Debug|Any CPU
		{70FB3A90-CC05-41DB-95F7-9C4D1A0A843C}.Debug|ARM.ActiveCfg = Debug|Any CPU
		{70FB3A90-CC05-41DB-95F7-9C4D1A0A843C}.Debug|ARM.Build.0 = Debug|Any CPU
		{70FB3A90-CC05-41DB-95F7-9C4D1A0A843C}.Debug|x64.ActiveCfg = Debug|Any CPU
		{70FB3A90-CC05-41DB-95F7-9C4D1A0A843C}.Debug|x64.Build.0 = Debug|Any CPU
		{70FB3A90-CC05-41DB-95F7-9C4D1A0A843C}.Debug|x86.ActiveCfg = Debug|Any CPU
		{70FB3A90-CC05-41DB-95F7-9C4D1A0A843C}.Debug|x86.Build.0 = Debug|Any CPU
		{70FB3A90-CC05-41DB-95F7-9C4D1A0A843C}.Release|Any CPU.ActiveCfg = Release|Any CPU
		{70FB3A90-CC05-41DB-95F7-9C4D1A0A843C}.Release|Any CPU.Build.0 = Release|Any CPU
		{70FB3A90-CC05-41DB-95F7-9C4D1A0A843C}.Release|ARM.ActiveCfg = Release|Any CPU
		{70FB3A90-CC05-41DB-95F7-9C4D1A0A843C}.Release|ARM.Build.0 = Release|Any CPU
		{70FB3A90-CC05-41DB-95F7-9C4D1A0A843C}.Release|x64.ActiveCfg = Release|Any CPU
		{70FB3A90-CC05-41DB-95F7-9C4D1A0A843C}.Release|x64.Build.0 = Release|Any CPU
		{70FB3A90-CC05-41DB-95F7-9C4D1A0A843C}.Release|x86.ActiveCfg = Release|Any CPU
		{70FB3A90-CC05-41DB-95F7-9C4D1A0A843C}.Release|x86.Build.0 = Release|Any CPU
		{16E14102-7F3D-4C03-A986-F7851E347416}.Debug|Any CPU.ActiveCfg = Debug|Any CPU
		{16E14102-7F3D-4C03-A986-F7851E347416}.Debug|Any CPU.Build.0 = Debug|Any CPU
		{16E14102-7F3D-4C03-A986-F7851E347416}.Debug|ARM.ActiveCfg = Debug|Any CPU
		{16E14102-7F3D-4C03-A986-F7851E347416}.Debug|ARM.Build.0 = Debug|Any CPU
		{16E14102-7F3D-4C03-A986-F7851E347416}.Debug|x64.ActiveCfg = Debug|Any CPU
		{16E14102-7F3D-4C03-A986-F7851E347416}.Debug|x64.Build.0 = Debug|Any CPU
		{16E14102-7F3D-4C03-A986-F7851E347416}.Debug|x86.ActiveCfg = Debug|Any CPU
		{16E14102-7F3D-4C03-A986-F7851E347416}.Debug|x86.Build.0 = Debug|Any CPU
		{16E14102-7F3D-4C03-A986-F7851E347416}.Release|Any CPU.ActiveCfg = Release|Any CPU
		{16E14102-7F3D-4C03-A986-F7851E347416}.Release|Any CPU.Build.0 = Release|Any CPU
		{16E14102-7F3D-4C03-A986-F7851E347416}.Release|ARM.ActiveCfg = Release|Any CPU
		{16E14102-7F3D-4C03-A986-F7851E347416}.Release|ARM.Build.0 = Release|Any CPU
		{16E14102-7F3D-4C03-A986-F7851E347416}.Release|x64.ActiveCfg = Release|Any CPU
		{16E14102-7F3D-4C03-A986-F7851E347416}.Release|x64.Build.0 = Release|Any CPU
		{16E14102-7F3D-4C03-A986-F7851E347416}.Release|x86.ActiveCfg = Release|Any CPU
		{16E14102-7F3D-4C03-A986-F7851E347416}.Release|x86.Build.0 = Release|Any CPU
		{FB9AD01C-AB15-4515-B77A-066A840FD5A0}.Debug|Any CPU.ActiveCfg = Debug|Any CPU
		{FB9AD01C-AB15-4515-B77A-066A840FD5A0}.Debug|Any CPU.Build.0 = Debug|Any CPU
		{FB9AD01C-AB15-4515-B77A-066A840FD5A0}.Debug|ARM.ActiveCfg = Debug|Any CPU
		{FB9AD01C-AB15-4515-B77A-066A840FD5A0}.Debug|ARM.Build.0 = Debug|Any CPU
		{FB9AD01C-AB15-4515-B77A-066A840FD5A0}.Debug|x64.ActiveCfg = Debug|Any CPU
		{FB9AD01C-AB15-4515-B77A-066A840FD5A0}.Debug|x64.Build.0 = Debug|Any CPU
		{FB9AD01C-AB15-4515-B77A-066A840FD5A0}.Debug|x86.ActiveCfg = Debug|Any CPU
		{FB9AD01C-AB15-4515-B77A-066A840FD5A0}.Debug|x86.Build.0 = Debug|Any CPU
		{FB9AD01C-AB15-4515-B77A-066A840FD5A0}.Release|Any CPU.ActiveCfg = Release|Any CPU
		{FB9AD01C-AB15-4515-B77A-066A840FD5A0}.Release|Any CPU.Build.0 = Release|Any CPU
		{FB9AD01C-AB15-4515-B77A-066A840FD5A0}.Release|ARM.ActiveCfg = Release|Any CPU
		{FB9AD01C-AB15-4515-B77A-066A840FD5A0}.Release|ARM.Build.0 = Release|Any CPU
		{FB9AD01C-AB15-4515-B77A-066A840FD5A0}.Release|x64.ActiveCfg = Release|Any CPU
		{FB9AD01C-AB15-4515-B77A-066A840FD5A0}.Release|x64.Build.0 = Release|Any CPU
		{FB9AD01C-AB15-4515-B77A-066A840FD5A0}.Release|x86.ActiveCfg = Release|Any CPU
		{FB9AD01C-AB15-4515-B77A-066A840FD5A0}.Release|x86.Build.0 = Release|Any CPU
	EndGlobalSection
	GlobalSection(SolutionProperties) = preSolution
		HideSolutionNode = FALSE
	EndGlobalSection
	GlobalSection(NestedProjects) = preSolution
		{FF33E4EB-EC28-43FA-A47C-63DF0BC015AA} = {9214405F-47E2-4507-B97A-3AB7D2AC76C6}
		{BE9EFEB6-5AC2-489B-B870-9088DB330693} = {9214405F-47E2-4507-B97A-3AB7D2AC76C6}
		{9A88EAF0-EF67-4A0F-9E45-04F4FCDD8212} = {BED2B23E-D717-49BA-8209-9F56EFAAE057}
		{1023F748-59A1-4D7E-9215-857530F5C421} = {9214405F-47E2-4507-B97A-3AB7D2AC76C6}
		{06442589-2D81-4950-ACD6-32D16D6EF107} = {9214405F-47E2-4507-B97A-3AB7D2AC76C6}
		{70FB3A90-CC05-41DB-95F7-9C4D1A0A843C} = {F33B9F74-DC03-4D4A-9026-FB29610A7783}
	EndGlobalSection
EndGlobal
