
Microsoft Visual Studio Solution File, Format Version 12.00
# Visual Studio 14
VisualStudioVersion = 14.0.24720.0
MinimumVisualStudioVersion = 10.0.40219.1
Project("{FAE04EC0-301F-11D3-BF4B-00C04F79EFBC}") = "CGPTruck.UWP", "CGPTruck.UWP\CGPTruck.UWP.csproj", "{539DA33F-6F38-4980-BFE2-7A79A2DAD4C9}"
	ProjectSection(ProjectDependencies) = postProject
		{16E14102-7F3D-4C03-A986-F7851E347416} = {16E14102-7F3D-4C03-A986-F7851E347416}
	EndProjectSection
EndProject
Project("{FAE04EC0-301F-11D3-BF4B-00C04F79EFBC}") = "CGPTruck.WebAPI", "CGPTruck.WebAPI\CGPTruck.WebAPI.csproj", "{16E14102-7F3D-4C03-A986-F7851E347416}"
EndProject
Project("{9092AA53-FB77-4645-B42D-1CCCA6BD08BD}") = "CGPTruck.Web", "CGPTruck.Web\CGPTruck.Web.njsproj", "{FB9AD01C-AB15-4515-B77A-066A840FD5A0}"
EndProject
Project("{2150E333-8FDC-42A3-9474-1A3956D46DE8}") = "SQL", "SQL", "{7F3B8514-F0FE-4F3D-B0BD-C584D82E8681}"
	ProjectSection(SolutionItems) = preProject
		SQL\01 - CREATE TABLE.sql = SQL\01 - CREATE TABLE.sql
		SQL\02 - INSERT.sql = SQL\02 - INSERT.sql
		SQL\03 - UPDATE.sql = SQL\03 - UPDATE.sql
	EndProjectSection
EndProject
Project("{FAE04EC0-301F-11D3-BF4B-00C04F79EFBC}") = "CGPTruck.Test", "CGPTruck.Test\CGPTruck.Test.csproj", "{932AA594-520A-4B56-BC3F-BDDB7FE1CC53}"
EndProject
Global
	GlobalSection(SolutionConfigurationPlatforms) = preSolution
		Debug|Any CPU = Debug|Any CPU
		Debug|ARM = Debug|ARM
		Debug|x64 = Debug|x64
		Debug|x86 = Debug|x86
		Release|Any CPU = Release|Any CPU
		Release|ARM = Release|ARM
		Release|x64 = Release|x64
		Release|x86 = Release|x86
	EndGlobalSection
	GlobalSection(ProjectConfigurationPlatforms) = postSolution
		{539DA33F-6F38-4980-BFE2-7A79A2DAD4C9}.Debug|Any CPU.ActiveCfg = Debug|x86
		{539DA33F-6F38-4980-BFE2-7A79A2DAD4C9}.Debug|Any CPU.Build.0 = Debug|x86
		{539DA33F-6F38-4980-BFE2-7A79A2DAD4C9}.Debug|Any CPU.Deploy.0 = Debug|x86
		{539DA33F-6F38-4980-BFE2-7A79A2DAD4C9}.Debug|ARM.ActiveCfg = Debug|ARM
		{539DA33F-6F38-4980-BFE2-7A79A2DAD4C9}.Debug|ARM.Build.0 = Debug|ARM
		{539DA33F-6F38-4980-BFE2-7A79A2DAD4C9}.Debug|ARM.Deploy.0 = Debug|ARM
		{539DA33F-6F38-4980-BFE2-7A79A2DAD4C9}.Debug|x64.ActiveCfg = Debug|x64
		{539DA33F-6F38-4980-BFE2-7A79A2DAD4C9}.Debug|x64.Build.0 = Debug|x64
		{539DA33F-6F38-4980-BFE2-7A79A2DAD4C9}.Debug|x64.Deploy.0 = Debug|x64
		{539DA33F-6F38-4980-BFE2-7A79A2DAD4C9}.Debug|x86.ActiveCfg = Debug|x86
		{539DA33F-6F38-4980-BFE2-7A79A2DAD4C9}.Debug|x86.Build.0 = Debug|x86
		{539DA33F-6F38-4980-BFE2-7A79A2DAD4C9}.Debug|x86.Deploy.0 = Debug|x86
		{539DA33F-6F38-4980-BFE2-7A79A2DAD4C9}.Release|Any CPU.ActiveCfg = Release|x86
		{539DA33F-6F38-4980-BFE2-7A79A2DAD4C9}.Release|ARM.ActiveCfg = Release|ARM
		{539DA33F-6F38-4980-BFE2-7A79A2DAD4C9}.Release|ARM.Build.0 = Release|ARM
		{539DA33F-6F38-4980-BFE2-7A79A2DAD4C9}.Release|ARM.Deploy.0 = Release|ARM
		{539DA33F-6F38-4980-BFE2-7A79A2DAD4C9}.Release|x64.ActiveCfg = Release|x64
		{539DA33F-6F38-4980-BFE2-7A79A2DAD4C9}.Release|x64.Build.0 = Release|x64
		{539DA33F-6F38-4980-BFE2-7A79A2DAD4C9}.Release|x64.Deploy.0 = Release|x64
		{539DA33F-6F38-4980-BFE2-7A79A2DAD4C9}.Release|x86.ActiveCfg = Release|x86
		{539DA33F-6F38-4980-BFE2-7A79A2DAD4C9}.Release|x86.Build.0 = Release|x86
		{539DA33F-6F38-4980-BFE2-7A79A2DAD4C9}.Release|x86.Deploy.0 = Release|x86
		{16E14102-7F3D-4C03-A986-F7851E347416}.Debug|Any CPU.ActiveCfg = Debug|Any CPU
		{16E14102-7F3D-4C03-A986-F7851E347416}.Debug|Any CPU.Build.0 = Debug|Any CPU
		{16E14102-7F3D-4C03-A986-F7851E347416}.Debug|ARM.ActiveCfg = Debug|Any CPU
		{16E14102-7F3D-4C03-A986-F7851E347416}.Debug|ARM.Build.0 = Debug|Any CPU
		{16E14102-7F3D-4C03-A986-F7851E347416}.Debug|x64.ActiveCfg = Debug|Any CPU
		{16E14102-7F3D-4C03-A986-F7851E347416}.Debug|x64.Build.0 = Debug|Any CPU
		{16E14102-7F3D-4C03-A986-F7851E347416}.Debug|x86.ActiveCfg = Debug|Any CPU
		{16E14102-7F3D-4C03-A986-F7851E347416}.Debug|x86.Build.0 = Debug|Any CPU
		{16E14102-7F3D-4C03-A986-F7851E347416}.Release|Any CPU.ActiveCfg = Release|Any CPU
		{16E14102-7F3D-4C03-A986-F7851E347416}.Release|Any CPU.Build.0 = Release|Any CPU
		{16E14102-7F3D-4C03-A986-F7851E347416}.Release|ARM.ActiveCfg = Release|Any CPU
		{16E14102-7F3D-4C03-A986-F7851E347416}.Release|ARM.Build.0 = Release|Any CPU
		{16E14102-7F3D-4C03-A986-F7851E347416}.Release|x64.ActiveCfg = Release|Any CPU
		{16E14102-7F3D-4C03-A986-F7851E347416}.Release|x64.Build.0 = Release|Any CPU
		{16E14102-7F3D-4C03-A986-F7851E347416}.Release|x86.ActiveCfg = Release|Any CPU
		{16E14102-7F3D-4C03-A986-F7851E347416}.Release|x86.Build.0 = Release|Any CPU
		{FB9AD01C-AB15-4515-B77A-066A840FD5A0}.Debug|Any CPU.ActiveCfg = Debug|Any CPU
		{FB9AD01C-AB15-4515-B77A-066A840FD5A0}.Debug|Any CPU.Build.0 = Debug|Any CPU
		{FB9AD01C-AB15-4515-B77A-066A840FD5A0}.Debug|ARM.ActiveCfg = Debug|Any CPU
		{FB9AD01C-AB15-4515-B77A-066A840FD5A0}.Debug|ARM.Build.0 = Debug|Any CPU
		{FB9AD01C-AB15-4515-B77A-066A840FD5A0}.Debug|x64.ActiveCfg = Debug|Any CPU
		{FB9AD01C-AB15-4515-B77A-066A840FD5A0}.Debug|x64.Build.0 = Debug|Any CPU
		{FB9AD01C-AB15-4515-B77A-066A840FD5A0}.Debug|x86.ActiveCfg = Debug|Any CPU
		{FB9AD01C-AB15-4515-B77A-066A840FD5A0}.Debug|x86.Build.0 = Debug|Any CPU
		{FB9AD01C-AB15-4515-B77A-066A840FD5A0}.Release|Any CPU.ActiveCfg = Release|Any CPU
		{FB9AD01C-AB15-4515-B77A-066A840FD5A0}.Release|Any CPU.Build.0 = Release|Any CPU
		{FB9AD01C-AB15-4515-B77A-066A840FD5A0}.Release|ARM.ActiveCfg = Release|Any CPU
		{FB9AD01C-AB15-4515-B77A-066A840FD5A0}.Release|ARM.Build.0 = Release|Any CPU
		{FB9AD01C-AB15-4515-B77A-066A840FD5A0}.Release|x64.ActiveCfg = Release|Any CPU
		{FB9AD01C-AB15-4515-B77A-066A840FD5A0}.Release|x64.Build.0 = Release|Any CPU
		{FB9AD01C-AB15-4515-B77A-066A840FD5A0}.Release|x86.ActiveCfg = Release|Any CPU
		{FB9AD01C-AB15-4515-B77A-066A840FD5A0}.Release|x86.Build.0 = Release|Any CPU
		{932AA594-520A-4B56-BC3F-BDDB7FE1CC53}.Debug|Any CPU.ActiveCfg = Debug|Any CPU
		{932AA594-520A-4B56-BC3F-BDDB7FE1CC53}.Debug|Any CPU.Build.0 = Debug|Any CPU
		{932AA594-520A-4B56-BC3F-BDDB7FE1CC53}.Debug|ARM.ActiveCfg = Debug|Any CPU
		{932AA594-520A-4B56-BC3F-BDDB7FE1CC53}.Debug|ARM.Build.0 = Debug|Any CPU
		{932AA594-520A-4B56-BC3F-BDDB7FE1CC53}.Debug|x64.ActiveCfg = Debug|Any CPU
		{932AA594-520A-4B56-BC3F-BDDB7FE1CC53}.Debug|x64.Build.0 = Debug|Any CPU
		{932AA594-520A-4B56-BC3F-BDDB7FE1CC53}.Debug|x86.ActiveCfg = Debug|Any CPU
		{932AA594-520A-4B56-BC3F-BDDB7FE1CC53}.Debug|x86.Build.0 = Debug|Any CPU
		{932AA594-520A-4B56-BC3F-BDDB7FE1CC53}.Release|Any CPU.ActiveCfg = Release|Any CPU
		{932AA594-520A-4B56-BC3F-BDDB7FE1CC53}.Release|Any CPU.Build.0 = Release|Any CPU
		{932AA594-520A-4B56-BC3F-BDDB7FE1CC53}.Release|ARM.ActiveCfg = Release|Any CPU
		{932AA594-520A-4B56-BC3F-BDDB7FE1CC53}.Release|ARM.Build.0 = Release|Any CPU
		{932AA594-520A-4B56-BC3F-BDDB7FE1CC53}.Release|x64.ActiveCfg = Release|Any CPU
		{932AA594-520A-4B56-BC3F-BDDB7FE1CC53}.Release|x64.Build.0 = Release|Any CPU
		{932AA594-520A-4B56-BC3F-BDDB7FE1CC53}.Release|x86.ActiveCfg = Release|Any CPU
		{932AA594-520A-4B56-BC3F-BDDB7FE1CC53}.Release|x86.Build.0 = Release|Any CPU
	EndGlobalSection
	GlobalSection(SolutionProperties) = preSolution
		HideSolutionNode = FALSE
	EndGlobalSection
EndGlobal
